
Microsoft Visual Studio Solution File, Format Version 9.00
# Visual Studio 2005
Project("{FAE04EC0-301F-11D3-BF4B-00C04F79EFBC}") = "ReportingApp", "ReportingApp\ReportingApp.csproj", "{880FF13B-9B89-4C5F-8EF3-17E8694973F4}"
EndProject
Global
	GlobalSection(SolutionConfigurationPlatforms) = preSolution
		Debug|Any CPU = Debug|Any CPU
		Release|Any CPU = Release|Any CPU
	EndGlobalSection
	GlobalSection(ProjectConfigurationPlatforms) = postSolution
		{880FF13B-9B89-4C5F-8EF3-17E8694973F4}.Debug|Any CPU.ActiveCfg = Debug|Any CPU
		{880FF13B-9B89-4C5F-8EF3-17E8694973F4}.Debug|Any CPU.Build.0 = Debug|Any CPU
		{880FF13B-9B89-4C5F-8EF3-17E8694973F4}.Release|Any CPU.ActiveCfg = Release|Any CPU
		{880FF13B-9B89-4C5F-8EF3-17E8694973F4}.Release|Any CPU.Build.0 = Release|Any CPU
	EndGlobalSection
	GlobalSection(SolutionProperties) = preSolution
		HideSolutionNode = FALSE
	EndGlobalSection
EndGlobal
