
Microsoft Visual Studio Solution File, Format Version 9.00
# Visual Studio 2005
Project("{FAE04EC0-301F-11D3-BF4B-00C04F79EFBC}") = "Chapter2_AC1", "Chapter2_AC1\Chapter2_AC1.csproj", "{F73F5759-50A5-4602-B443-057E637DD86F}"
EndProject
Global
	GlobalSection(SolutionConfigurationPlatforms) = preSolution
		Debug|Any CPU = Debug|Any CPU
		Release|Any CPU = Release|Any CPU
	EndGlobalSection
	GlobalSection(ProjectConfigurationPlatforms) = postSolution
		{F73F5759-50A5-4602-B443-057E637DD86F}.Debug|Any CPU.ActiveCfg = Debug|Any CPU
		{F73F5759-50A5-4602-B443-057E637DD86F}.Debug|Any CPU.Build.0 = Debug|Any CPU
		{F73F5759-50A5-4602-B443-057E637DD86F}.Release|Any CPU.ActiveCfg = Release|Any CPU
		{F73F5759-50A5-4602-B443-057E637DD86F}.Release|Any CPU.Build.0 = Release|Any CPU
	EndGlobalSection
	GlobalSection(SolutionProperties) = preSolution
		HideSolutionNode = FALSE
	EndGlobalSection
EndGlobal
