
Microsoft Visual Studio Solution File, Format Version 9.00
# Visual Studio 2005
Project("{FAE04EC0-301F-11D3-BF4B-00C04F79EFBC}") = "CustomizePrinting", "CustomizePrinting\CustomizePrinting.csproj", "{474CCAF1-BD94-4A1A-82FD-5D4A4C5723B6}"
EndProject
Global
	GlobalSection(SolutionConfigurationPlatforms) = preSolution
		Debug|Any CPU = Debug|Any CPU
		Release|Any CPU = Release|Any CPU
	EndGlobalSection
	GlobalSection(ProjectConfigurationPlatforms) = postSolution
		{474CCAF1-BD94-4A1A-82FD-5D4A4C5723B6}.Debug|Any CPU.ActiveCfg = Debug|Any CPU
		{474CCAF1-BD94-4A1A-82FD-5D4A4C5723B6}.Debug|Any CPU.Build.0 = Debug|Any CPU
		{474CCAF1-BD94-4A1A-82FD-5D4A4C5723B6}.Release|Any CPU.ActiveCfg = Release|Any CPU
		{474CCAF1-BD94-4A1A-82FD-5D4A4C5723B6}.Release|Any CPU.Build.0 = Release|Any CPU
	EndGlobalSection
	GlobalSection(SolutionProperties) = preSolution
		HideSolutionNode = FALSE
	EndGlobalSection
EndGlobal
