
Microsoft Visual Studio Solution File, Format Version 9.00
# Visual Studio 2005
Project("{FAE04EC0-301F-11D3-BF4B-00C04F79EFBC}") = "Chapter8_Ac3_NumericTextBox", "Chapter8_Ac3_NumericTextBox.csproj", "{D526BE15-5ECB-463D-9513-DE866279F943}"
EndProject
Project("{FAE04EC0-301F-11D3-BF4B-00C04F79EFBC}") = "Chapter8_Ac3_ConsumerApplication", "Chapter8_Ac3_ConsumerApplication\Chapter8_Ac3_ConsumerApplication.csproj", "{8CD99378-9B94-439A-ACC2-CFCFAA472939}"
EndProject
Global
	GlobalSection(SolutionConfigurationPlatforms) = preSolution
		Debug|Any CPU = Debug|Any CPU
		Release|Any CPU = Release|Any CPU
	EndGlobalSection
	GlobalSection(ProjectConfigurationPlatforms) = postSolution
		{D526BE15-5ECB-463D-9513-DE866279F943}.Debug|Any CPU.ActiveCfg = Debug|Any CPU
		{D526BE15-5ECB-463D-9513-DE866279F943}.Debug|Any CPU.Build.0 = Debug|Any CPU
		{D526BE15-5ECB-463D-9513-DE866279F943}.Release|Any CPU.ActiveCfg = Release|Any CPU
		{D526BE15-5ECB-463D-9513-DE866279F943}.Release|Any CPU.Build.0 = Release|Any CPU
		{8CD99378-9B94-439A-ACC2-CFCFAA472939}.Debug|Any CPU.ActiveCfg = Debug|Any CPU
		{8CD99378-9B94-439A-ACC2-CFCFAA472939}.Debug|Any CPU.Build.0 = Debug|Any CPU
		{8CD99378-9B94-439A-ACC2-CFCFAA472939}.Release|Any CPU.ActiveCfg = Release|Any CPU
		{8CD99378-9B94-439A-ACC2-CFCFAA472939}.Release|Any CPU.Build.0 = Release|Any CPU
	EndGlobalSection
	GlobalSection(SolutionProperties) = preSolution
		HideSolutionNode = FALSE
	EndGlobalSection
EndGlobal
