
Microsoft Visual Studio Solution File, Format Version 9.00
# Visual Studio 2005
Project("{FAE04EC0-301F-11D3-BF4B-00C04F79EFBC}") = "Chapter4_E1_2_3", "Chapter4_E1_2_3.csproj", "{70E5BC4B-0616-4454-A728-543994E8F87B}"
EndProject
Global
	GlobalSection(SolutionConfigurationPlatforms) = preSolution
		Debug|Any CPU = Debug|Any CPU
		Release|Any CPU = Release|Any CPU
	EndGlobalSection
	GlobalSection(ProjectConfigurationPlatforms) = postSolution
		{70E5BC4B-0616-4454-A728-543994E8F87B}.Debug|Any CPU.ActiveCfg = Debug|Any CPU
		{70E5BC4B-0616-4454-A728-543994E8F87B}.Debug|Any CPU.Build.0 = Debug|Any CPU
		{70E5BC4B-0616-4454-A728-543994E8F87B}.Release|Any CPU.ActiveCfg = Release|Any CPU
		{70E5BC4B-0616-4454-A728-543994E8F87B}.Release|Any CPU.Build.0 = Release|Any CPU
	EndGlobalSection
	GlobalSection(SolutionProperties) = preSolution
		HideSolutionNode = FALSE
	EndGlobalSection
EndGlobal
