
Microsoft Visual Studio Solution File, Format Version 9.00
# Visual Studio 2005
Project("{FAE04EC0-301F-11D3-BF4B-00C04F79EFBC}") = "MyReport", "MyReport\MyReport.csproj", "{8BA54F9C-BFB7-4AA9-B7DE-ED46F7C74931}"
EndProject
Global
	GlobalSection(SolutionConfigurationPlatforms) = preSolution
		Debug|Any CPU = Debug|Any CPU
		Release|Any CPU = Release|Any CPU
	EndGlobalSection
	GlobalSection(ProjectConfigurationPlatforms) = postSolution
		{8BA54F9C-BFB7-4AA9-B7DE-ED46F7C74931}.Debug|Any CPU.ActiveCfg = Debug|Any CPU
		{8BA54F9C-BFB7-4AA9-B7DE-ED46F7C74931}.Debug|Any CPU.Build.0 = Debug|Any CPU
		{8BA54F9C-BFB7-4AA9-B7DE-ED46F7C74931}.Release|Any CPU.ActiveCfg = Release|Any CPU
		{8BA54F9C-BFB7-4AA9-B7DE-ED46F7C74931}.Release|Any CPU.Build.0 = Release|Any CPU
	EndGlobalSection
	GlobalSection(SolutionProperties) = preSolution
		HideSolutionNode = FALSE
	EndGlobalSection
EndGlobal
